// !$*UTF8*$!
{
	archiveVersion = 1;
	classes = {
	};
	objectVersion = 46;
	objects = {

/* Begin PBXBuildFile section */
		34E4629F19D780B200C086CA /* AppDelegate.swift in Sources */ = {isa = PBXBuildFile; fileRef = 34E4629E19D780B200C086CA /* AppDelegate.swift */; };
		34E462A119D780B200C086CA /* ViewController.swift in Sources */ = {isa = PBXBuildFile; fileRef = 34E462A019D780B200C086CA /* ViewController.swift */; };
		34E462A419D780B200C086CA /* Main.storyboard in Resources */ = {isa = PBXBuildFile; fileRef = 34E462A219D780B200C086CA /* Main.storyboard */; };
		34E462A619D780B200C086CA /* Images.xcassets in Resources */ = {isa = PBXBuildFile; fileRef = 34E462A519D780B200C086CA /* Images.xcassets */; };
		34E462B219D780B200C086CA /* TwitterTests.swift in Sources */ = {isa = PBXBuildFile; fileRef = 34E462B119D780B200C086CA /* TwitterTests.swift */; };
/* End PBXBuildFile section */

/* Begin PBXContainerItemProxy section */
		34E462AC19D780B200C086CA /* PBXContainerItemProxy */ = {
			isa = PBXContainerItemProxy;
			containerPortal = 34E4629119D780B200C086CA /* Project object */;
			proxyType = 1;
			remoteGlobalIDString = 34E4629819D780B200C086CA;
			remoteInfo = Twitter;
		};
/* End PBXContainerItemProxy section */

/* Begin PBXFileReference section */
		34E4629919D780B200C086CA /* Twitter.app */ = {isa = PBXFileReference; explicitFileType = wrapper.application; includeInIndex = 0; path = Twitter.app; sourceTree = BUILT_PRODUCTS_DIR; };
		34E4629D19D780B200C086CA /* Info.plist */ = {isa = PBXFileReference; lastKnownFileType = text.plist.xml; path = Info.plist; sourceTree = "<group>"; };
		34E4629E19D780B200C086CA /* AppDelegate.swift */ = {isa = PBXFileReference; lastKnownFileType = sourcecode.swift; path = AppDelegate.swift; sourceTree = "<group>"; };
		34E462A019D780B200C086CA /* ViewController.swift */ = {isa = PBXFileReference; lastKnownFileType = sourcecode.swift; path = ViewController.swift; sourceTree = "<group>"; };
		34E462A319D780B200C086CA /* Base */ = {isa = PBXFileReference; lastKnownFileType = file.storyboard; name = Base; path = Base.lproj/Main.storyboard; sourceTree = "<group>"; };
		34E462A519D780B200C086CA /* Images.xcassets */ = {isa = PBXFileReference; lastKnownFileType = folder.assetcatalog; path = Images.xcassets; sourceTree = "<group>"; };
		34E462AB19D780B200C086CA /* TwitterTests.xctest */ = {isa = PBXFileReference; explicitFileType = wrapper.cfbundle; includeInIndex = 0; path = TwitterTests.xctest; sourceTree = BUILT_PRODUCTS_DIR; };
		34E462B019D780B200C086CA /* Info.plist */ = {isa = PBXFileReference; lastKnownFileType = text.plist.xml; path = Info.plist; sourceTree = "<group>"; };
		34E462B119D780B200C086CA /* TwitterTests.swift */ = {isa = PBXFileReference; lastKnownFileType = sourcecode.swift; path = TwitterTests.swift; sourceTree = "<group>"; };
/* End PBXFileReference section */

/* Begin PBXFrameworksBuildPhase section */
		34E4629619D780B200C086CA /* Frameworks */ = {
			isa = PBXFrameworksBuildPhase;
			buildActionMask = 2147483647;
			files = (
			);
			runOnlyForDeploymentPostprocessing = 0;
		};
		34E462A819D780B200C086CA /* Frameworks */ = {
			isa = PBXFrameworksBuildPhase;
			buildActionMask = 2147483647;
			files = (
			);
			runOnlyForDeploymentPostprocessing = 0;
		};
/* End PBXFrameworksBuildPhase section */

/* Begin PBXGroup section */
		34E4629019D780B200C086CA = {
			isa = PBXGroup;
			children = (
				34E4629B19D780B200C086CA /* Twitter */,
				34E462AE19D780B200C086CA /* TwitterTests */,
				34E4629A19D780B200C086CA /* Products */,
			);
			sourceTree = "<group>";
		};
		34E4629A19D780B200C086CA /* Products */ = {
			isa = PBXGroup;
			children = (
				34E4629919D780B200C086CA /* Twitter.app */,
				34E462AB19D780B200C086CA /* TwitterTests.xctest */,
			);
			name = Products;
			sourceTree = "<group>";
		};
		34E4629B19D780B200C086CA /* Twitter */ = {
			isa = PBXGroup;
			children = (
				34E4629E19D780B200C086CA /* AppDelegate.swift */,
				34E462A019D780B200C086CA /* ViewController.swift */,
				34E462A219D780B200C086CA /* Main.storyboard */,
				34E462A519D780B200C086CA /* Images.xcassets */,
				34E4629C19D780B200C086CA /* Supporting Files */,
			);
			path = Twitter;
			sourceTree = "<group>";
		};
		34E4629C19D780B200C086CA /* Supporting Files */ = {
			isa = PBXGroup;
			children = (
				34E4629D19D780B200C086CA /* Info.plist */,
			);
			name = "Supporting Files";
			sourceTree = "<group>";
		};
		34E462AE19D780B200C086CA /* TwitterTests */ = {
			isa = PBXGroup;
			children = (
				34E462B119D780B200C086CA /* TwitterTests.swift */,
				34E462AF19D780B200C086CA /* Supporting Files */,
			);
			path = TwitterTests;
			sourceTree = "<group>";
		};
		34E462AF19D780B200C086CA /* Supporting Files */ = {
			isa = PBXGroup;
			children = (
				34E462B019D780B200C086CA /* Info.plist */,
			);
			name = "Supporting Files";
			sourceTree = "<group>";
		};
/* End PBXGroup section */

/* Begin PBXNativeTarget section */
		34E4629819D780B200C086CA /* Twitter */ = {
			isa = PBXNativeTarget;
			buildConfigurationList = 34E462B519D780B200C086CA /* Build configuration list for PBXNativeTarget "Twitter" */;
			buildPhases = (
				34E4629519D780B200C086CA /* Sources */,
				34E4629619D780B200C086CA /* Frameworks */,
				34E4629719D780B200C086CA /* Resources */,
			);
			buildRules = (
			);
			dependencies = (
			);
			name = Twitter;
			productName = Twitter;
			productReference = 34E4629919D780B200C086CA /* Twitter.app */;
			productType = "com.apple.product-type.application";
		};
		34E462AA19D780B200C086CA /* TwitterTests */ = {
			isa = PBXNativeTarget;
			buildConfigurationList = 34E462B819D780B200C086CA /* Build configuration list for PBXNativeTarget "TwitterTests" */;
			buildPhases = (
				34E462A719D780B200C086CA /* Sources */,
				34E462A819D780B200C086CA /* Frameworks */,
				34E462A919D780B200C086CA /* Resources */,
			);
			buildRules = (
			);
			dependencies = (
				34E462AD19D780B200C086CA /* PBXTargetDependency */,
			);
			name = TwitterTests;
			productName = TwitterTests;
			productReference = 34E462AB19D780B200C086CA /* TwitterTests.xctest */;
			productType = "com.apple.product-type.bundle.unit-test";
		};
/* End PBXNativeTarget section */

/* Begin PBXProject section */
		34E4629119D780B200C086CA /* Project object */ = {
			isa = PBXProject;
			attributes = {
				LastUpgradeCheck = 0600;
				ORGANIZATIONNAME = "Kun Rong";
				TargetAttributes = {
					34E4629819D780B200C086CA = {
						CreatedOnToolsVersion = 6.0;
					};
					34E462AA19D780B200C086CA = {
						CreatedOnToolsVersion = 6.0;
						TestTargetID = 34E4629819D780B200C086CA;
					};
				};
			};
			buildConfigurationList = 34E4629419D780B200C086CA /* Build configuration list for PBXProject "Twitter" */;
			compatibilityVersion = "Xcode 3.2";
			developmentRegion = English;
			hasScannedForEncodings = 0;
			knownRegions = (
				en,
				Base,
			);
			mainGroup = 34E4629019D780B200C086CA;
			productRefGroup = 34E4629A19D780B200C086CA /* Products */;
			projectDirPath = "";
			projectRoot = "";
			targets = (
				34E4629819D780B200C086CA /* Twitter */,
				34E462AA19D780B200C086CA /* TwitterTests */,
			);
		};
/* End PBXProject section */

/* Begin PBXResourcesBuildPhase section */
		34E4629719D780B200C086CA /* Resources */ = {
			isa = PBXResourcesBuildPhase;
			buildActionMask = 2147483647;
			files = (
				34E462A419D780B200C086CA /* Main.storyboard in Resources */,
				34E462A619D780B200C086CA /* Images.xcassets in Resources */,
			);
			runOnlyForDeploymentPostprocessing = 0;
		};
		34E462A919D780B200C086CA /* Resources */ = {
			isa = PBXResourcesBuildPhase;
			buildActionMask = 2147483647;
			files = (
			);
			runOnlyForDeploymentPostprocessing = 0;
		};
/* End PBXResourcesBuildPhase section */

/* Begin PBXSourcesBuildPhase section */
		34E4629519D780B200C086CA /* Sources */ = {
			isa = PBXSourcesBuildPhase;
			buildActionMask = 2147483647;
			files = (
				34E462A119D780B200C086CA /* ViewController.swift in Sources */,
				34E4629F19D780B200C086CA /* AppDelegate.swift in Sources */,
			);
			runOnlyForDeploymentPostprocessing = 0;
		};
		34E462A719D780B200C086CA /* Sources */ = {
			isa = PBXSourcesBuildPhase;
			buildActionMask = 2147483647;
			files = (
				34E462B219D780B200C086CA /* TwitterTests.swift in Sources */,
			);
			runOnlyForDeploymentPostprocessing = 0;
		};
/* End PBXSourcesBuildPhase section */

/* Begin PBXTargetDependency section */
		34E462AD19D780B200C086CA /* PBXTargetDependency */ = {
			isa = PBXTargetDependency;
			target = 34E4629819D780B200C086CA /* Twitter */;
			targetProxy = 34E462AC19D780B200C086CA /* PBXContainerItemProxy */;
		};
/* End PBXTargetDependency section */

/* Begin PBXVariantGroup section */
		34E462A219D780B200C086CA /* Main.storyboard */ = {
			isa = PBXVariantGroup;
			children = (
				34E462A319D780B200C086CA /* Base */,
			);
			name = Main.storyboard;
			sourceTree = "<group>";
		};
/* End PBXVariantGroup section */

/* Begin XCBuildConfiguration section */
		34E462B319D780B200C086CA /* Debug */ = {
			isa = XCBuildConfiguration;
			buildSettings = {
				ALWAYS_SEARCH_USER_PATHS = NO;
				CLANG_CXX_LANGUAGE_STANDARD = "gnu++0x";
				CLANG_CXX_LIBRARY = "libc++";
				CLANG_ENABLE_MODULES = YES;
				CLANG_ENABLE_OBJC_ARC = YES;
				CLANG_WARN_BOOL_CONVERSION = YES;
				CLANG_WARN_CONSTANT_CONVERSION = YES;
				CLANG_WARN_DIRECT_OBJC_ISA_USAGE = YES_ERROR;
				CLANG_WARN_EMPTY_BODY = YES;
				CLANG_WARN_ENUM_CONVERSION = YES;
				CLANG_WARN_INT_CONVERSION = YES;
				CLANG_WARN_OBJC_ROOT_CLASS = YES_ERROR;
				CLANG_WARN_UNREACHABLE_CODE = YES;
				CLANG_WARN__DUPLICATE_METHOD_MATCH = YES;
				"CODE_SIGN_IDENTITY[sdk=iphoneos*]" = "iPhone Developer";
				COPY_PHASE_STRIP = NO;
				ENABLE_STRICT_OBJC_MSGSEND = YES;
				GCC_C_LANGUAGE_STANDARD = gnu99;
				GCC_DYNAMIC_NO_PIC = NO;
				GCC_OPTIMIZATION_LEVEL = 0;
				GCC_PREPROCESSOR_DEFINITIONS = (
					"DEBUG=1",
					"$(inherited)",
				);
				GCC_SYMBOLS_PRIVATE_EXTERN = NO;
				GCC_WARN_64_TO_32_BIT_CONVERSION = YES;
				GCC_WARN_ABOUT_RETURN_TYPE = YES_ERROR;
				GCC_WARN_UNDECLARED_SELECTOR = YES;
				GCC_WARN_UNINITIALIZED_AUTOS = YES_AGGRESSIVE;
				GCC_WARN_UNUSED_FUNCTION = YES;
				GCC_WARN_UNUSED_VARIABLE = YES;
				IPHONEOS_DEPLOYMENT_TARGET = 8.0;
				MTL_ENABLE_DEBUG_INFO = YES;
				ONLY_ACTIVE_ARCH = YES;
				SDKROOT = iphoneos;
				SWIFT_OPTIMIZATION_LEVEL = "-Onone";
			};
			name = Debug;
		};
		34E462B419D780B200C086CA /* Release */ = {
			isa = XCBuildConfiguration;
			buildSettings = {
				ALWAYS_SEARCH_USER_PATHS = NO;
				CLANG_CXX_LANGUAGE_STANDARD = "gnu++0x";
				CLANG_CXX_LIBRARY = "libc++";
				CLANG_ENABLE_MODULES = YES;
				CLANG_ENABLE_OBJC_ARC = YES;
				CLANG_WARN_BOOL_CONVERSION = YES;
				CLANG_WARN_CONSTANT_CONVERSION = YES;
				CLANG_WARN_DIRECT_OBJC_ISA_USAGE = YES_ERROR;
				CLANG_WARN_EMPTY_BODY = YES;
				CLANG_WARN_ENUM_CONVERSION = YES;
				CLANG_WARN_INT_CONVERSION = YES;
				CLANG_WARN_OBJC_ROOT_CLASS = YES_ERROR;
				CLANG_WARN_UNREACHABLE_CODE = YES;
				CLANG_WARN__DUPLICATE_METHOD_MATCH = YES;
				"CODE_SIGN_IDENTITY[sdk=iphoneos*]" = "iPhone Developer";
				COPY_PHASE_STRIP = YES;
				ENABLE_NS_ASSERTIONS = NO;
				ENABLE_STRICT_OBJC_MSGSEND = YES;
				GCC_C_LANGUAGE_STANDARD = gnu99;
				GCC_WARN_64_TO_32_BIT_CONVERSION = YES;
				GCC_WARN_ABOUT_RETURN_TYPE = YES_ERROR;
				GCC_WARN_UNDECLARED_SELECTOR = YES;
				GCC_WARN_UNINITIALIZED_AUTOS = YES_AGGRESSIVE;
				GCC_WARN_UNUSED_FUNCTION = YES;
				GCC_WARN_UNUSED_VARIABLE = YES;
				IPHONEOS_DEPLOYMENT_TARGET = 8.0;
				MTL_ENABLE_DEBUG_INFO = NO;
				SDKROOT = iphoneos;
				VALIDATE_PRODUCT = YES;
			};
			name = Release;
		};
		34E462B619D780B200C086CA /* Debug */ = {
			isa = XCBuildConfiguration;
			buildSettings = {
				ASSETCATALOG_COMPILER_APPICON_NAME = AppIcon;
				ASSETCATALOG_COMPILER_LAUNCHIMAGE_NAME = LaunchImage;
				INFOPLIST_FILE = Twitter/Info.plist;
				LD_RUNPATH_SEARCH_PATHS = "$(inherited) @executable_path/Frameworks";
				PRODUCT_NAME = "$(TARGET_NAME)";
			};
			name = Debug;
		};
		34E462B719D780B200C086CA /* Release */ = {
			isa = XCBuildConfiguration;
			buildSettings = {
				ASSETCATALOG_COMPILER_APPICON_NAME = AppIcon;
				ASSETCATALOG_COMPILER_LAUNCHIMAGE_NAME = LaunchImage;
				INFOPLIST_FILE = Twitter/Info.plist;
				LD_RUNPATH_SEARCH_PATHS = "$(inherited) @executable_path/Frameworks";
				PRODUCT_NAME = "$(TARGET_NAME)";
			};
			name = Release;
		};
		34E462B919D780B200C086CA /* Debug */ = {
			isa = XCBuildConfiguration;
			buildSettings = {
				BUNDLE_LOADER = "$(TEST_HOST)";
				FRAMEWORK_SEARCH_PATHS = (
					"$(SDKROOT)/Developer/Library/Frameworks",
					"$(inherited)",
				);
				GCC_PREPROCESSOR_DEFINITIONS = (
					"DEBUG=1",
					"$(inherited)",
				);
				INFOPLIST_FILE = TwitterTests/Info.plist;
				LD_RUNPATH_SEARCH_PATHS = "$(inherited) @executable_path/Frameworks @loader_path/Frameworks";
				PRODUCT_NAME = "$(TARGET_NAME)";
				TEST_HOST = "$(BUILT_PRODUCTS_DIR)/Twitter.app/Twitter";
			};
			name = Debug;
		};
		34E462BA19D780B200C086CA /* Release */ = {
			isa = XCBuildConfiguration;
			buildSettings = {
				BUNDLE_LOADER = "$(TEST_HOST)";
				FRAMEWORK_SEARCH_PATHS = (
					"$(SDKROOT)/Developer/Library/Frameworks",
					"$(inherited)",
				);
				INFOPLIST_FILE = TwitterTests/Info.plist;
				LD_RUNPATH_SEARCH_PATHS = "$(inherited) @executable_path/Frameworks @loader_path/Frameworks";
				PRODUCT_NAME = "$(TARGET_NAME)";
				TEST_HOST = "$(BUILT_PRODUCTS_DIR)/Twitter.app/Twitter";
			};
			name = Release;
		};
/* End XCBuildConfiguration section */

/* Begin XCConfigurationList section */
		34E4629419D780B200C086CA /* Build configuration list for PBXProject "Twitter" */ = {
			isa = XCConfigurationList;
			buildConfigurations = (
				34E462B319D780B200C086CA /* Debug */,
				34E462B419D780B200C086CA /* Release */,
			);
			defaultConfigurationIsVisible = 0;
			defaultConfigurationName = Release;
		};
		34E462B519D780B200C086CA /* Build configuration list for PBXNativeTarget "Twitter" */ = {
			isa = XCConfigurationList;
			buildConfigurations = (
				34E462B619D780B200C086CA /* Debug */,
				34E462B719D780B200C086CA /* Release */,
			);
			defaultConfigurationIsVisible = 0;
		};
		34E462B819D780B200C086CA /* Build configuration list for PBXNativeTarget "TwitterTests" */ = {
			isa = XCConfigurationList;
			buildConfigurations = (
				34E462B919D780B200C086CA /* Debug */,
				34E462BA19D780B200C086CA /* Release */,
			);
			defaultConfigurationIsVisible = 0;
		};
/* End XCConfigurationList section */
	};
	rootObject = 34E4629119D780B200C086CA /* Project object */;
}
